// !$*UTF8*$!
{
	archiveVersion = 1;
	classes = {
	};
	objectVersion = 46;
	objects = {

/* Begin PBXAggregateTarget section */
		F7FDC3841BA047F2004ECCA0 /* xray.jit */ = {
			isa = PBXAggregateTarget;
			buildConfigurationList = F7FDC3851BA047F2004ECCA0 /* Build configuration list for PBXAggregateTarget "xray.jit" */;
			buildPhases = (
			);
			dependencies = (
				F7FDC3891BA04818004ECCA0 /* PBXTargetDependency */,
				F7FDC38B1BA04818004ECCA0 /* PBXTargetDependency */,
				F7FDC38D1BA04818004ECCA0 /* PBXTargetDependency */,
				F7FDC38F1BA04818004ECCA0 /* PBXTargetDependency */,
				F7FDC3911BA04818004ECCA0 /* PBXTargetDependency */,
				F7FDC3931BA04818004ECCA0 /* PBXTargetDependency */,
				F7FDC3951BA04818004ECCA0 /* PBXTargetDependency */,
				F7FDC3971BA04818004ECCA0 /* PBXTargetDependency */,
				F7FDC3991BA04818004ECCA0 /* PBXTargetDependency */,
				F7FDC39B1BA04818004ECCA0 /* PBXTargetDependency */,
				F7FDC39D1BA04818004ECCA0 /* PBXTargetDependency */,
				F7FDC39F1BA04818004ECCA0 /* PBXTargetDependency */,
				F7FDC3A11BA04818004ECCA0 /* PBXTargetDependency */,
				F7FDC3A31BA04818004ECCA0 /* PBXTargetDependency */,
				F7FDC3A51BA04818004ECCA0 /* PBXTargetDependency */,
				F7FDC3A71BA04818004ECCA0 /* PBXTargetDependency */,
				F7FDC3A91BA04818004ECCA0 /* PBXTargetDependency */,
				F7FDC3AB1BA04818004ECCA0 /* PBXTargetDependency */,
				F7FDC3AD1BA04818004ECCA0 /* PBXTargetDependency */,
				F7FDC3AF1BA04818004ECCA0 /* PBXTargetDependency */,
				F7FDC3B11BA04818004ECCA0 /* PBXTargetDependency */,
				F7FDC3B31BA04818004ECCA0 /* PBXTargetDependency */,
				F7FDC3B51BA04818004ECCA0 /* PBXTargetDependency */,
			);
			name = xray.jit;
			productName = xray.jit;
		};
/* End PBXAggregateTarget section */

/* Begin PBXContainerItemProxy section */
		F7FDC2EC1BA0472A004ECCA0 /* PBXContainerItemProxy */ = {
			isa = PBXContainerItemProxy;
			containerPortal = F7FDC2E81BA0472A004ECCA0 /* xray.jit.blackhole.xcodeproj */;
			proxyType = 2;
			remoteGlobalIDString = 2FBBEAE508F335360078DB84;
			remoteInfo = "max-external";
		};
		F7FDC2FE1BA0473F004ECCA0 /* PBXContainerItemProxy */ = {
			isa = PBXContainerItemProxy;
			containerPortal = F7FDC2FA1BA0473F004ECCA0 /* xray.jit.cellcoords.xcodeproj */;
			proxyType = 2;
			remoteGlobalIDString = 2FBBEAE508F335360078DB84;
			remoteInfo = "max-external";
		};
		F7FDC3431BA047B7004ECCA0 /* PBXContainerItemProxy */ = {
			isa = PBXContainerItemProxy;
			containerPortal = F7FDC3001BA047B7004ECCA0 /* xray.jit.cellminmax.xcodeproj */;
			proxyType = 2;
			remoteGlobalIDString = 2FBBEAE508F335360078DB84;
			remoteInfo = "max-external";
		};
		F7FDC3461BA047B7004ECCA0 /* PBXContainerItemProxy */ = {
			isa = PBXContainerItemProxy;
			containerPortal = F7FDC3031BA047B7004ECCA0 /* xray.jit.cellvalue.xcodeproj */;
			proxyType = 2;
			remoteGlobalIDString = 2FBBEAE508F335360078DB84;
			remoteInfo = "max-external";
		};
		F7FDC3491BA047B7004ECCA0 /* PBXContainerItemProxy */ = {
			isa = PBXContainerItemProxy;
			containerPortal = F7FDC3061BA047B7004ECCA0 /* xray.jit.colormap.xcodeproj */;
			proxyType = 2;
			remoteGlobalIDString = 2FBBEAE508F335360078DB84;
			remoteInfo = "max-external";
		};
		F7FDC34C1BA047B7004ECCA0 /* PBXContainerItemProxy */ = {
			isa = PBXContainerItemProxy;
			containerPortal = F7FDC3091BA047B7004ECCA0 /* xray.jit.contourmap.xcodeproj */;
			proxyType = 2;
			remoteGlobalIDString = 2FBBEAE508F335360078DB84;
			remoteInfo = "max-external";
		};
		F7FDC34F1BA047B7004ECCA0 /* PBXContainerItemProxy */ = {
			isa = PBXContainerItemProxy;
			containerPortal = F7FDC30C1BA047B7004ECCA0 /* xray.jit.crossproduct.xcodeproj */;
			proxyType = 2;
			remoteGlobalIDString = 2FBBEAE508F335360078DB84;
			remoteInfo = "max-external";
		};
		F7FDC3521BA047B7004ECCA0 /* PBXContainerItemProxy */ = {
			isa = PBXContainerItemProxy;
			containerPortal = F7FDC30F1BA047B7004ECCA0 /* xray.jit.cumsum.xcodeproj */;
			proxyType = 2;
			remoteGlobalIDString = 2FBBEAE508F335360078DB84;
			remoteInfo = "max-external";
		};
		F7FDC3551BA047B7004ECCA0 /* PBXContainerItemProxy */ = {
			isa = PBXContainerItemProxy;
			containerPortal = F7FDC3121BA047B7004ECCA0 /* xray.jit.distance.xcodeproj */;
			proxyType = 2;
			remoteGlobalIDString = 2FBBEAE508F335360078DB84;
			remoteInfo = "max-external";
		};
		F7FDC3581BA047B7004ECCA0 /* PBXContainerItemProxy */ = {
			isa = PBXContainerItemProxy;
			containerPortal = F7FDC3151BA047B7004ECCA0 /* xray.jit.fdm.xcodeproj */;
			proxyType = 2;
			remoteGlobalIDString = 2FBBEAE508F335360078DB84;
			remoteInfo = "max-external";
		};
		F7FDC35B1BA047B7004ECCA0 /* PBXContainerItemProxy */ = {
			isa = PBXContainerItemProxy;
			containerPortal = F7FDC3181BA047B7004ECCA0 /* xray.jit.grid2tri.xcodeproj */;
			proxyType = 2;
			remoteGlobalIDString = 2FBBEAE508F335360078DB84;
			remoteInfo = "max-external";
		};
		F7FDC35E1BA047B7004ECCA0 /* PBXContainerItemProxy */ = {
			isa = PBXContainerItemProxy;
			containerPortal = F7FDC31B1BA047B7004ECCA0 /* xray.jit.invertrepos.xcodeproj */;
			proxyType = 2;
			remoteGlobalIDString = 2FBBEAE508F335360078DB84;
			remoteInfo = "max-external";
		};
		F7FDC3611BA047B7004ECCA0 /* PBXContainerItemProxy */ = {
			isa = PBXContainerItemProxy;
			containerPortal = F7FDC31E1BA047B7004ECCA0 /* xray.jit.keepcell.xcodeproj */;
			proxyType = 2;
			remoteGlobalIDString = 2FBBEAE508F335360078DB84;
			remoteInfo = "max-external";
		};
		F7FDC3641BA047B7004ECCA0 /* PBXContainerItemProxy */ = {
			isa = PBXContainerItemProxy;
			containerPortal = F7FDC3211BA047B7004ECCA0 /* xray.jit.kmeans.xcodeproj */;
			proxyType = 2;
			remoteGlobalIDString = 2FBBEAE508F335360078DB84;
			remoteInfo = "max-external";
		};
		F7FDC3671BA047B7004ECCA0 /* PBXContainerItemProxy */ = {
			isa = PBXContainerItemProxy;
			containerPortal = F7FDC3241BA047B7004ECCA0 /* xray.jit.levelsetseg.xcodeproj */;
			proxyType = 2;
			remoteGlobalIDString = 2FBBEAE508F335360078DB84;
			remoteInfo = "max-external";
		};
		F7FDC36A1BA047B7004ECCA0 /* PBXContainerItemProxy */ = {
			isa = PBXContainerItemProxy;
			containerPortal = F7FDC3271BA047B7004ECCA0 /* xray.jit.line2quad.xcodeproj */;
			proxyType = 2;
			remoteGlobalIDString = 2FBBEAE508F335360078DB84;
			remoteInfo = "max-external";
		};
		F7FDC36D1BA047B7004ECCA0 /* PBXContainerItemProxy */ = {
			isa = PBXContainerItemProxy;
			containerPortal = F7FDC32A1BA047B7004ECCA0 /* xray.jit.mean.xcodeproj */;
			proxyType = 2;
			remoteGlobalIDString = 2FBBEAE508F335360078DB84;
			remoteInfo = "max-external";
		};
		F7FDC3701BA047B7004ECCA0 /* PBXContainerItemProxy */ = {
			isa = PBXContainerItemProxy;
			containerPortal = F7FDC3301BA047B7004ECCA0 /* xray.jit.quicksort.xcodeproj */;
			proxyType = 2;
			remoteGlobalIDString = 2FBBEAE508F335360078DB84;
			remoteInfo = "max-external";
		};
		F7FDC3731BA047B7004ECCA0 /* PBXContainerItemProxy */ = {
			isa = PBXContainerItemProxy;
			containerPortal = F7FDC3331BA047B7004ECCA0 /* xray.jit.sift.xcodeproj */;
			proxyType = 2;
			remoteGlobalIDString = 2FBBEAE508F335360078DB84;
			remoteInfo = "max-external";
		};
		F7FDC3761BA047B7004ECCA0 /* PBXContainerItemProxy */ = {
			isa = PBXContainerItemProxy;
			containerPortal = F7FDC3361BA047B7004ECCA0 /* xray.jit.svd.xcodeproj */;
			proxyType = 2;
			remoteGlobalIDString = 2FBBEAE508F335360078DB84;
			remoteInfo = "max-external";
		};
		F7FDC3791BA047B7004ECCA0 /* PBXContainerItemProxy */ = {
			isa = PBXContainerItemProxy;
			containerPortal = F7FDC3391BA047B7004ECCA0 /* xray.jit.timecube.xcodeproj */;
			proxyType = 2;
			remoteGlobalIDString = 2FBBEAE508F335360078DB84;
			remoteInfo = "max-external";
		};
		F7FDC37C1BA047B7004ECCA0 /* PBXContainerItemProxy */ = {
			isa = PBXContainerItemProxy;
			containerPortal = F7FDC33C1BA047B7004ECCA0 /* xray.jit.water.xcodeproj */;
			proxyType = 2;
			remoteGlobalIDString = 2FBBEAE508F335360078DB84;
			remoteInfo = "max-external";
		};
		F7FDC3821BA047D3004ECCA0 /* PBXContainerItemProxy */ = {
			isa = PBXContainerItemProxy;
			containerPortal = F7FDC37E1BA047D2004ECCA0 /* xray.jit.median.xcodeproj */;
			proxyType = 2;
			remoteGlobalIDString = 2FBBEAE508F335360078DB84;
			remoteInfo = "max-external";
		};
		F7FDC3881BA04818004ECCA0 /* PBXContainerItemProxy */ = {
			isa = PBXContainerItemProxy;
			containerPortal = F7FDC3001BA047B7004ECCA0 /* xray.jit.cellminmax.xcodeproj */;
			proxyType = 1;
			remoteGlobalIDString = 2FBBEAD608F335360078DB84;
			remoteInfo = "max-external";
		};
		F7FDC38A1BA04818004ECCA0 /* PBXContainerItemProxy */ = {
			isa = PBXContainerItemProxy;
			containerPortal = F7FDC3031BA047B7004ECCA0 /* xray.jit.cellvalue.xcodeproj */;
			proxyType = 1;
			remoteGlobalIDString = 2FBBEAD608F335360078DB84;
			remoteInfo = "max-external";
		};
		F7FDC38C1BA04818004ECCA0 /* PBXContainerItemProxy */ = {
			isa = PBXContainerItemProxy;
			containerPortal = F7FDC3061BA047B7004ECCA0 /* xray.jit.colormap.xcodeproj */;
			proxyType = 1;
			remoteGlobalIDString = 2FBBEAD608F335360078DB84;
			remoteInfo = "max-external";
		};
		F7FDC38E1BA04818004ECCA0 /* PBXContainerItemProxy */ = {
			isa = PBXContainerItemProxy;
			containerPortal = F7FDC3091BA047B7004ECCA0 /* xray.jit.contourmap.xcodeproj */;
			proxyType = 1;
			remoteGlobalIDString = 2FBBEAD608F335360078DB84;
			remoteInfo = "max-external";
		};
		F7FDC3901BA04818004ECCA0 /* PBXContainerItemProxy */ = {
			isa = PBXContainerItemProxy;
			containerPortal = F7FDC30C1BA047B7004ECCA0 /* xray.jit.crossproduct.xcodeproj */;
			proxyType = 1;
			remoteGlobalIDString = 2FBBEAD608F335360078DB84;
			remoteInfo = "max-external";
		};
		F7FDC3921BA04818004ECCA0 /* PBXContainerItemProxy */ = {
			isa = PBXContainerItemProxy;
			containerPortal = F7FDC30F1BA047B7004ECCA0 /* xray.jit.cumsum.xcodeproj */;
			proxyType = 1;
			remoteGlobalIDString = 2FBBEAD608F335360078DB84;
			remoteInfo = "max-external";
		};
		F7FDC3941BA04818004ECCA0 /* PBXContainerItemProxy */ = {
			isa = PBXContainerItemProxy;
			containerPortal = F7FDC3121BA047B7004ECCA0 /* xray.jit.distance.xcodeproj */;
			proxyType = 1;
			remoteGlobalIDString = 2FBBEAD608F335360078DB84;
			remoteInfo = "max-external";
		};
		F7FDC3961BA04818004ECCA0 /* PBXContainerItemProxy */ = {
			isa = PBXContainerItemProxy;
			containerPortal = F7FDC3151BA047B7004ECCA0 /* xray.jit.fdm.xcodeproj */;
			proxyType = 1;
			remoteGlobalIDString = 2FBBEAD608F335360078DB84;
			remoteInfo = "max-external";
		};
		F7FDC3981BA04818004ECCA0 /* PBXContainerItemProxy */ = {
			isa = PBXContainerItemProxy;
			containerPortal = F7FDC3181BA047B7004ECCA0 /* xray.jit.grid2tri.xcodeproj */;
			proxyType = 1;
			remoteGlobalIDString = 2FBBEAD608F335360078DB84;
			remoteInfo = "max-external";
		};
		F7FDC39A1BA04818004ECCA0 /* PBXContainerItemProxy */ = {
			isa = PBXContainerItemProxy;
			containerPortal = F7FDC31B1BA047B7004ECCA0 /* xray.jit.invertrepos.xcodeproj */;
			proxyType = 1;
			remoteGlobalIDString = 2FBBEAD608F335360078DB84;
			remoteInfo = "max-external";
		};
		F7FDC39C1BA04818004ECCA0 /* PBXContainerItemProxy */ = {
			isa = PBXContainerItemProxy;
			containerPortal = F7FDC31E1BA047B7004ECCA0 /* xray.jit.keepcell.xcodeproj */;
			proxyType = 1;
			remoteGlobalIDString = 2FBBEAD608F335360078DB84;
			remoteInfo = "max-external";
		};
		F7FDC39E1BA04818004ECCA0 /* PBXContainerItemProxy */ = {
			isa = PBXContainerItemProxy;
			containerPortal = F7FDC3211BA047B7004ECCA0 /* xray.jit.kmeans.xcodeproj */;
			proxyType = 1;
			remoteGlobalIDString = 2FBBEAD608F335360078DB84;
			remoteInfo = "max-external";
		};
		F7FDC3A01BA04818004ECCA0 /* PBXContainerItemProxy */ = {
			isa = PBXContainerItemProxy;
			containerPortal = F7FDC3241BA047B7004ECCA0 /* xray.jit.levelsetseg.xcodeproj */;
			proxyType = 1;
			remoteGlobalIDString = 2FBBEAD608F335360078DB84;
			remoteInfo = "max-external";
		};
		F7FDC3A21BA04818004ECCA0 /* PBXContainerItemProxy */ = {
			isa = PBXContainerItemProxy;
			containerPortal = F7FDC3271BA047B7004ECCA0 /* xray.jit.line2quad.xcodeproj */;
			proxyType = 1;
			remoteGlobalIDString = 2FBBEAD608F335360078DB84;
			remoteInfo = "max-external";
		};
		F7FDC3A41BA04818004ECCA0 /* PBXContainerItemProxy */ = {
			isa = PBXContainerItemProxy;
			containerPortal = F7FDC32A1BA047B7004ECCA0 /* xray.jit.mean.xcodeproj */;
			proxyType = 1;
			remoteGlobalIDString = 2FBBEAD608F335360078DB84;
			remoteInfo = "max-external";
		};
		F7FDC3A61BA04818004ECCA0 /* PBXContainerItemProxy */ = {
			isa = PBXContainerItemProxy;
			containerPortal = F7FDC37E1BA047D2004ECCA0 /* xray.jit.median.xcodeproj */;
			proxyType = 1;
			remoteGlobalIDString = 2FBBEAD608F335360078DB84;
			remoteInfo = "max-external";
		};
		F7FDC3A81BA04818004ECCA0 /* PBXContainerItemProxy */ = {
			isa = PBXContainerItemProxy;
			containerPortal = F7FDC3301BA047B7004ECCA0 /* xray.jit.quicksort.xcodeproj */;
			proxyType = 1;
			remoteGlobalIDString = 2FBBEAD608F335360078DB84;
			remoteInfo = "max-external";
		};
		F7FDC3AA1BA04818004ECCA0 /* PBXContainerItemProxy */ = {
			isa = PBXContainerItemProxy;
			containerPortal = F7FDC3331BA047B7004ECCA0 /* xray.jit.sift.xcodeproj */;
			proxyType = 1;
			remoteGlobalIDString = 2FBBEAD608F335360078DB84;
			remoteInfo = "max-external";
		};
		F7FDC3AC1BA04818004ECCA0 /* PBXContainerItemProxy */ = {
			isa = PBXContainerItemProxy;
			containerPortal = F7FDC3361BA047B7004ECCA0 /* xray.jit.svd.xcodeproj */;
			proxyType = 1;
			remoteGlobalIDString = 2FBBEAD608F335360078DB84;
			remoteInfo = "max-external";
		};
		F7FDC3AE1BA04818004ECCA0 /* PBXContainerItemProxy */ = {
			isa = PBXContainerItemProxy;
			containerPortal = F7FDC3391BA047B7004ECCA0 /* xray.jit.timecube.xcodeproj */;
			proxyType = 1;
			remoteGlobalIDString = 2FBBEAD608F335360078DB84;
			remoteInfo = "max-external";
		};
		F7FDC3B01BA04818004ECCA0 /* PBXContainerItemProxy */ = {
			isa = PBXContainerItemProxy;
			containerPortal = F7FDC33C1BA047B7004ECCA0 /* xray.jit.water.xcodeproj */;
			proxyType = 1;
			remoteGlobalIDString = 2FBBEAD608F335360078DB84;
			remoteInfo = "max-external";
		};
		F7FDC3B21BA04818004ECCA0 /* PBXContainerItemProxy */ = {
			isa = PBXContainerItemProxy;
			containerPortal = F7FDC2E81BA0472A004ECCA0 /* xray.jit.blackhole.xcodeproj */;
			proxyType = 1;
			remoteGlobalIDString = 2FBBEAD608F335360078DB84;
			remoteInfo = "max-external";
		};
		F7FDC3B41BA04818004ECCA0 /* PBXContainerItemProxy */ = {
			isa = PBXContainerItemProxy;
			containerPortal = F7FDC2FA1BA0473F004ECCA0 /* xray.jit.cellcoords.xcodeproj */;
			proxyType = 1;
			remoteGlobalIDString = 2FBBEAD608F335360078DB84;
			remoteInfo = "max-external";
		};
/* End PBXContainerItemProxy section */

/* Begin PBXFileReference section */
		F7FDC2E81BA0472A004ECCA0 /* xray.jit.blackhole.xcodeproj */ = {isa = PBXFileReference; lastKnownFileType = "wrapper.pb-project"; name = xray.jit.blackhole.xcodeproj; path = xray.blackhole/xray.jit.blackhole.xcodeproj; sourceTree = "<group>"; };
		F7FDC2FA1BA0473F004ECCA0 /* xray.jit.cellcoords.xcodeproj */ = {isa = PBXFileReference; lastKnownFileType = "wrapper.pb-project"; name = xray.jit.cellcoords.xcodeproj; path = xray.blackhole/../xray.cellcoords/xray.jit.cellcoords.xcodeproj; sourceTree = "<group>"; };
		F7FDC3001BA047B7004ECCA0 /* xray.jit.cellminmax.xcodeproj */ = {isa = PBXFileReference; lastKnownFileType = "wrapper.pb-project"; name = xray.jit.cellminmax.xcodeproj; path = xray.cellminmax/xray.jit.cellminmax.xcodeproj; sourceTree = "<group>"; };
		F7FDC3031BA047B7004ECCA0 /* xray.jit.cellvalue.xcodeproj */ = {isa = PBXFileReference; lastKnownFileType = "wrapper.pb-project"; name = xray.jit.cellvalue.xcodeproj; path = xray.cellvalue/xray.jit.cellvalue.xcodeproj; sourceTree = "<group>"; };
		F7FDC3061BA047B7004ECCA0 /* xray.jit.colormap.xcodeproj */ = {isa = PBXFileReference; lastKnownFileType = "wrapper.pb-project"; name = xray.jit.colormap.xcodeproj; path = xray.colormap/xray.jit.colormap.xcodeproj; sourceTree = "<group>"; };
		F7FDC3091BA047B7004ECCA0 /* xray.jit.contourmap.xcodeproj */ = {isa = PBXFileReference; lastKnownFileType = "wrapper.pb-project"; name = xray.jit.contourmap.xcodeproj; path = xray.contourmap/xray.jit.contourmap.xcodeproj; sourceTree = "<group>"; };
		F7FDC30C1BA047B7004ECCA0 /* xray.jit.crossproduct.xcodeproj */ = {isa = PBXFileReference; lastKnownFileType = "wrapper.pb-project"; name = xray.jit.crossproduct.xcodeproj; path = xray.crossproduct/xray.jit.crossproduct.xcodeproj; sourceTree = "<group>"; };
		F7FDC30F1BA047B7004ECCA0 /* xray.jit.cumsum.xcodeproj */ = {isa = PBXFileReference; lastKnownFileType = "wrapper.pb-project"; name = xray.jit.cumsum.xcodeproj; path = xray.cumsum/xray.jit.cumsum.xcodeproj; sourceTree = "<group>"; };
		F7FDC3121BA047B7004ECCA0 /* xray.jit.distance.xcodeproj */ = {isa = PBXFileReference; lastKnownFileType = "wrapper.pb-project"; name = xray.jit.distance.xcodeproj; path = xray.distance/xray.jit.distance.xcodeproj; sourceTree = "<group>"; };
		F7FDC3151BA047B7004ECCA0 /* xray.jit.fdm.xcodeproj */ = {isa = PBXFileReference; lastKnownFileType = "wrapper.pb-project"; name = xray.jit.fdm.xcodeproj; path = xray.fdm/xray.jit.fdm.xcodeproj; sourceTree = "<group>"; };
		F7FDC3181BA047B7004ECCA0 /* xray.jit.grid2tri.xcodeproj */ = {isa = PBXFileReference; lastKnownFileType = "wrapper.pb-project"; name = xray.jit.grid2tri.xcodeproj; path = xray.grid2tri/xray.jit.grid2tri.xcodeproj; sourceTree = "<group>"; };
		F7FDC31B1BA047B7004ECCA0 /* xray.jit.invertrepos.xcodeproj */ = {isa = PBXFileReference; lastKnownFileType = "wrapper.pb-project"; name = xray.jit.invertrepos.xcodeproj; path = xray.invertrepos/xray.jit.invertrepos.xcodeproj; sourceTree = "<group>"; };
		F7FDC31E1BA047B7004ECCA0 /* xray.jit.keepcell.xcodeproj */ = {isa = PBXFileReference; lastKnownFileType = "wrapper.pb-project"; name = xray.jit.keepcell.xcodeproj; path = xray.keepcell/xray.jit.keepcell.xcodeproj; sourceTree = "<group>"; };
		F7FDC3211BA047B7004ECCA0 /* xray.jit.kmeans.xcodeproj */ = {isa = PBXFileReference; lastKnownFileType = "wrapper.pb-project"; name = xray.jit.kmeans.xcodeproj; path = xray.kmeans/xray.jit.kmeans.xcodeproj; sourceTree = "<group>"; };
		F7FDC3241BA047B7004ECCA0 /* xray.jit.levelsetseg.xcodeproj */ = {isa = PBXFileReference; lastKnownFileType = "wrapper.pb-project"; name = xray.jit.levelsetseg.xcodeproj; path = xray.levelsetseg/xray.jit.levelsetseg.xcodeproj; sourceTree = "<group>"; };
		F7FDC3271BA047B7004ECCA0 /* xray.jit.line2quad.xcodeproj */ = {isa = PBXFileReference; lastKnownFileType = "wrapper.pb-project"; name = xray.jit.line2quad.xcodeproj; path = xray.line2quad/xray.jit.line2quad.xcodeproj; sourceTree = "<group>"; };
		F7FDC32A1BA047B7004ECCA0 /* xray.jit.mean.xcodeproj */ = {isa = PBXFileReference; lastKnownFileType = "wrapper.pb-project"; name = xray.jit.mean.xcodeproj; path = xray.mean/xray.jit.mean.xcodeproj; sourceTree = "<group>"; };
		F7FDC3301BA047B7004ECCA0 /* xray.jit.quicksort.xcodeproj */ = {isa = PBXFileReference; lastKnownFileType = "wrapper.pb-project"; name = xray.jit.quicksort.xcodeproj; path = xray.quicksort/xray.jit.quicksort.xcodeproj; sourceTree = "<group>"; };
		F7FDC3331BA047B7004ECCA0 /* xray.jit.sift.xcodeproj */ = {isa = PBXFileReference; lastKnownFileType = "wrapper.pb-project"; name = xray.jit.sift.xcodeproj; path = xray.sift/xray.jit.sift.xcodeproj; sourceTree = "<group>"; };
		F7FDC3361BA047B7004ECCA0 /* xray.jit.svd.xcodeproj */ = {isa = PBXFileReference; lastKnownFileType = "wrapper.pb-project"; name = xray.jit.svd.xcodeproj; path = xray.svd/xray.jit.svd.xcodeproj; sourceTree = "<group>"; };
		F7FDC3391BA047B7004ECCA0 /* xray.jit.timecube.xcodeproj */ = {isa = PBXFileReference; lastKnownFileType = "wrapper.pb-project"; name = xray.jit.timecube.xcodeproj; path = xray.timecube/xray.jit.timecube.xcodeproj; sourceTree = "<group>"; };
		F7FDC33C1BA047B7004ECCA0 /* xray.jit.water.xcodeproj */ = {isa = PBXFileReference; lastKnownFileType = "wrapper.pb-project"; name = xray.jit.water.xcodeproj; path = xray.water/xray.jit.water.xcodeproj; sourceTree = "<group>"; };
		F7FDC37E1BA047D2004ECCA0 /* xray.jit.median.xcodeproj */ = {isa = PBXFileReference; lastKnownFileType = "wrapper.pb-project"; name = xray.jit.median.xcodeproj; path = xray.median/xray.jit.median.xcodeproj; sourceTree = "<group>"; };
/* End PBXFileReference section */

/* Begin PBXGroup section */
		F7FDC2CA1BA03E9F004ECCA0 = {
			isa = PBXGroup;
			children = (
				F7FDC2E81BA0472A004ECCA0 /* xray.jit.blackhole.xcodeproj */,
				F7FDC2FA1BA0473F004ECCA0 /* xray.jit.cellcoords.xcodeproj */,
				F7FDC3001BA047B7004ECCA0 /* xray.jit.cellminmax.xcodeproj */,
				F7FDC3031BA047B7004ECCA0 /* xray.jit.cellvalue.xcodeproj */,
				F7FDC3061BA047B7004ECCA0 /* xray.jit.colormap.xcodeproj */,
				F7FDC3091BA047B7004ECCA0 /* xray.jit.contourmap.xcodeproj */,
				F7FDC30C1BA047B7004ECCA0 /* xray.jit.crossproduct.xcodeproj */,
				F7FDC30F1BA047B7004ECCA0 /* xray.jit.cumsum.xcodeproj */,
				F7FDC3121BA047B7004ECCA0 /* xray.jit.distance.xcodeproj */,
				F7FDC3151BA047B7004ECCA0 /* xray.jit.fdm.xcodeproj */,
				F7FDC3181BA047B7004ECCA0 /* xray.jit.grid2tri.xcodeproj */,
				F7FDC31B1BA047B7004ECCA0 /* xray.jit.invertrepos.xcodeproj */,
				F7FDC31E1BA047B7004ECCA0 /* xray.jit.keepcell.xcodeproj */,
				F7FDC3211BA047B7004ECCA0 /* xray.jit.kmeans.xcodeproj */,
				F7FDC3241BA047B7004ECCA0 /* xray.jit.levelsetseg.xcodeproj */,
				F7FDC3271BA047B7004ECCA0 /* xray.jit.line2quad.xcodeproj */,
				F7FDC32A1BA047B7004ECCA0 /* xray.jit.mean.xcodeproj */,
				F7FDC37E1BA047D2004ECCA0 /* xray.jit.median.xcodeproj */,
				F7FDC3301BA047B7004ECCA0 /* xray.jit.quicksort.xcodeproj */,
				F7FDC3331BA047B7004ECCA0 /* xray.jit.sift.xcodeproj */,
				F7FDC3361BA047B7004ECCA0 /* xray.jit.svd.xcodeproj */,
				F7FDC3391BA047B7004ECCA0 /* xray.jit.timecube.xcodeproj */,
				F7FDC33C1BA047B7004ECCA0 /* xray.jit.water.xcodeproj */,
			);
			sourceTree = "<group>";
		};
		F7FDC2E91BA0472A004ECCA0 /* Products */ = {
			isa = PBXGroup;
			children = (
				F7FDC2ED1BA0472A004ECCA0 /* xray.jit.blackhole.mxo */,
			);
			name = Products;
			sourceTree = "<group>";
		};
		F7FDC2FB1BA0473F004ECCA0 /* Products */ = {
			isa = PBXGroup;
			children = (
				F7FDC2FF1BA0473F004ECCA0 /* xray.jit.cellcoords.mxo */,
			);
			name = Products;
			sourceTree = "<group>";
		};
		F7FDC3011BA047B7004ECCA0 /* Products */ = {
			isa = PBXGroup;
			children = (
				F7FDC3441BA047B7004ECCA0 /* xray.jit.cellminmax.mxo */,
			);
			name = Products;
			sourceTree = "<group>";
		};
		F7FDC3041BA047B7004ECCA0 /* Products */ = {
			isa = PBXGroup;
			children = (
				F7FDC3471BA047B7004ECCA0 /* xray.jit.cellvalue.mxo */,
			);
			name = Products;
			sourceTree = "<group>";
		};
		F7FDC3071BA047B7004ECCA0 /* Products */ = {
			isa = PBXGroup;
			children = (
				F7FDC34A1BA047B7004ECCA0 /* xray.jit.colormap.mxo */,
			);
			name = Products;
			sourceTree = "<group>";
		};
		F7FDC30A1BA047B7004ECCA0 /* Products */ = {
			isa = PBXGroup;
			children = (
				F7FDC34D1BA047B7004ECCA0 /* xray.jit.contourmap.mxo */,
			);
			name = Products;
			sourceTree = "<group>";
		};
		F7FDC30D1BA047B7004ECCA0 /* Products */ = {
			isa = PBXGroup;
			children = (
				F7FDC3501BA047B7004ECCA0 /* xray.jit.crossproduct.mxo */,
			);
			name = Products;
			sourceTree = "<group>";
		};
		F7FDC3101BA047B7004ECCA0 /* Products */ = {
			isa = PBXGroup;
			children = (
				F7FDC3531BA047B7004ECCA0 /* xray.jit.cumsum.mxo */,
			);
			name = Products;
			sourceTree = "<group>";
		};
		F7FDC3131BA047B7004ECCA0 /* Products */ = {
			isa = PBXGroup;
			children = (
				F7FDC3561BA047B7004ECCA0 /* xray.jit.distance.mxo */,
			);
			name = Products;
			sourceTree = "<group>";
		};
		F7FDC3161BA047B7004ECCA0 /* Products */ = {
			isa = PBXGroup;
			children = (
				F7FDC3591BA047B7004ECCA0 /* xray.jit.fdm.mxo */,
			);
			name = Products;
			sourceTree = "<group>";
		};
		F7FDC3191BA047B7004ECCA0 /* Products */ = {
			isa = PBXGroup;
			children = (
				F7FDC35C1BA047B7004ECCA0 /* xray.jit.grid2tri.mxo */,
			);
			name = Products;
			sourceTree = "<group>";
		};
		F7FDC31C1BA047B7004ECCA0 /* Products */ = {
			isa = PBXGroup;
			children = (
				F7FDC35F1BA047B7004ECCA0 /* xray.jit.invertrepos.mxo */,
			);
			name = Products;
			sourceTree = "<group>";
		};
		F7FDC31F1BA047B7004ECCA0 /* Products */ = {
			isa = PBXGroup;
			children = (
				F7FDC3621BA047B7004ECCA0 /* xray.jit.keepcell.mxo */,
			);
			name = Products;
			sourceTree = "<group>";
		};
		F7FDC3221BA047B7004ECCA0 /* Products */ = {
			isa = PBXGroup;
			children = (
				F7FDC3651BA047B7004ECCA0 /* xray.jit.kmeans.mxo */,
			);
			name = Products;
			sourceTree = "<group>";
		};
		F7FDC3251BA047B7004ECCA0 /* Products */ = {
			isa = PBXGroup;
			children = (
				F7FDC3681BA047B7004ECCA0 /* xray.jit.levelsetseg.mxo */,
			);
			name = Products;
			sourceTree = "<group>";
		};
		F7FDC3281BA047B7004ECCA0 /* Products */ = {
			isa = PBXGroup;
			children = (
				F7FDC36B1BA047B7004ECCA0 /* xray.jit.line2quad.mxo */,
			);
			name = Products;
			sourceTree = "<group>";
		};
		F7FDC32B1BA047B7004ECCA0 /* Products */ = {
			isa = PBXGroup;
			children = (
				F7FDC36E1BA047B7004ECCA0 /* xray.jit.mean.mxo */,
			);
			name = Products;
			sourceTree = "<group>";
		};
		F7FDC3311BA047B7004ECCA0 /* Products */ = {
			isa = PBXGroup;
			children = (
				F7FDC3711BA047B7004ECCA0 /* xray.jit.quicksort.mxo */,
			);
			name = Products;
			sourceTree = "<group>";
		};
		F7FDC3341BA047B7004ECCA0 /* Products */ = {
			isa = PBXGroup;
			children = (
				F7FDC3741BA047B7004ECCA0 /* xray.jit.sift.mxo */,
			);
			name = Products;
			sourceTree = "<group>";
		};
		F7FDC3371BA047B7004ECCA0 /* Products */ = {
			isa = PBXGroup;
			children = (
				F7FDC3771BA047B7004ECCA0 /* xray.jit.svd.mxo */,
			);
			name = Products;
			sourceTree = "<group>";
		};
		F7FDC33A1BA047B7004ECCA0 /* Products */ = {
			isa = PBXGroup;
			children = (
				F7FDC37A1BA047B7004ECCA0 /* xray.jit.timecube.mxo */,
			);
			name = Products;
			sourceTree = "<group>";
		};
		F7FDC33D1BA047B7004ECCA0 /* Products */ = {
			isa = PBXGroup;
			children = (
				F7FDC37D1BA047B7004ECCA0 /* xray.jit.water.mxo */,
			);
			name = Products;
			sourceTree = "<group>";
		};
		F7FDC37F1BA047D2004ECCA0 /* Products */ = {
			isa = PBXGroup;
			children = (
				F7FDC3831BA047D3004ECCA0 /* xray.jit.median.mxo */,
			);
			name = Products;
			sourceTree = "<group>";
		};
/* End PBXGroup section */

/* Begin PBXProject section */
		F7FDC2CB1BA03E9F004ECCA0 /* Project object */ = {
			isa = PBXProject;
			attributes = {
				LastUpgradeCheck = 0640;
				TargetAttributes = {
					F7FDC3841BA047F2004ECCA0 = {
						CreatedOnToolsVersion = 6.4;
					};
				};
			};
			buildConfigurationList = F7FDC2CE1BA03E9F004ECCA0 /* Build configuration list for PBXProject "xray.jit" */;
			compatibilityVersion = "Xcode 3.2";
			developmentRegion = English;
			hasScannedForEncodings = 0;
			knownRegions = (
				en,
			);
			mainGroup = F7FDC2CA1BA03E9F004ECCA0;
			projectDirPath = "";
			projectReferences = (
				{
					ProductGroup = F7FDC2E91BA0472A004ECCA0 /* Products */;
					ProjectRef = F7FDC2E81BA0472A004ECCA0 /* xray.jit.blackhole.xcodeproj */;
				},
				{
					ProductGroup = F7FDC2FB1BA0473F004ECCA0 /* Products */;
					ProjectRef = F7FDC2FA1BA0473F004ECCA0 /* xray.jit.cellcoords.xcodeproj */;
				},
				{
					ProductGroup = F7FDC3011BA047B7004ECCA0 /* Products */;
					ProjectRef = F7FDC3001BA047B7004ECCA0 /* xray.jit.cellminmax.xcodeproj */;
				},
				{
					ProductGroup = F7FDC3041BA047B7004ECCA0 /* Products */;
					ProjectRef = F7FDC3031BA047B7004ECCA0 /* xray.jit.cellvalue.xcodeproj */;
				},
				{
					ProductGroup = F7FDC3071BA047B7004ECCA0 /* Products */;
					ProjectRef = F7FDC3061BA047B7004ECCA0 /* xray.jit.colormap.xcodeproj */;
				},
				{
					ProductGroup = F7FDC30A1BA047B7004ECCA0 /* Products */;
					ProjectRef = F7FDC3091BA047B7004ECCA0 /* xray.jit.contourmap.xcodeproj */;
				},
				{
					ProductGroup = F7FDC30D1BA047B7004ECCA0 /* Products */;
					ProjectRef = F7FDC30C1BA047B7004ECCA0 /* xray.jit.crossproduct.xcodeproj */;
				},
				{
					ProductGroup = F7FDC3101BA047B7004ECCA0 /* Products */;
					ProjectRef = F7FDC30F1BA047B7004ECCA0 /* xray.jit.cumsum.xcodeproj */;
				},
				{
					ProductGroup = F7FDC3131BA047B7004ECCA0 /* Products */;
					ProjectRef = F7FDC3121BA047B7004ECCA0 /* xray.jit.distance.xcodeproj */;
				},
				{
					ProductGroup = F7FDC3161BA047B7004ECCA0 /* Products */;
					ProjectRef = F7FDC3151BA047B7004ECCA0 /* xray.jit.fdm.xcodeproj */;
				},
				{
					ProductGroup = F7FDC3191BA047B7004ECCA0 /* Products */;
					ProjectRef = F7FDC3181BA047B7004ECCA0 /* xray.jit.grid2tri.xcodeproj */;
				},
				{
					ProductGroup = F7FDC31C1BA047B7004ECCA0 /* Products */;
					ProjectRef = F7FDC31B1BA047B7004ECCA0 /* xray.jit.invertrepos.xcodeproj */;
				},
				{
					ProductGroup = F7FDC31F1BA047B7004ECCA0 /* Products */;
					ProjectRef = F7FDC31E1BA047B7004ECCA0 /* xray.jit.keepcell.xcodeproj */;
				},
				{
					ProductGroup = F7FDC3221BA047B7004ECCA0 /* Products */;
					ProjectRef = F7FDC3211BA047B7004ECCA0 /* xray.jit.kmeans.xcodeproj */;
				},
				{
					ProductGroup = F7FDC3251BA047B7004ECCA0 /* Products */;
					ProjectRef = F7FDC3241BA047B7004ECCA0 /* xray.jit.levelsetseg.xcodeproj */;
				},
				{
					ProductGroup = F7FDC3281BA047B7004ECCA0 /* Products */;
					ProjectRef = F7FDC3271BA047B7004ECCA0 /* xray.jit.line2quad.xcodeproj */;
				},
				{
					ProductGroup = F7FDC32B1BA047B7004ECCA0 /* Products */;
					ProjectRef = F7FDC32A1BA047B7004ECCA0 /* xray.jit.mean.xcodeproj */;
				},
				{
					ProductGroup = F7FDC37F1BA047D2004ECCA0 /* Products */;
					ProjectRef = F7FDC37E1BA047D2004ECCA0 /* xray.jit.median.xcodeproj */;
				},
				{
					ProductGroup = F7FDC3311BA047B7004ECCA0 /* Products */;
					ProjectRef = F7FDC3301BA047B7004ECCA0 /* xray.jit.quicksort.xcodeproj */;
				},
				{
					ProductGroup = F7FDC3341BA047B7004ECCA0 /* Products */;
					ProjectRef = F7FDC3331BA047B7004ECCA0 /* xray.jit.sift.xcodeproj */;
				},
				{
					ProductGroup = F7FDC3371BA047B7004ECCA0 /* Products */;
					ProjectRef = F7FDC3361BA047B7004ECCA0 /* xray.jit.svd.xcodeproj */;
				},
				{
					ProductGroup = F7FDC33A1BA047B7004ECCA0 /* Products */;
					ProjectRef = F7FDC3391BA047B7004ECCA0 /* xray.jit.timecube.xcodeproj */;
				},
				{
					ProductGroup = F7FDC33D1BA047B7004ECCA0 /* Products */;
					ProjectRef = F7FDC33C1BA047B7004ECCA0 /* xray.jit.water.xcodeproj */;
				},
			);
			projectRoot = "";
			targets = (
				F7FDC3841BA047F2004ECCA0 /* xray.jit */,
			);
		};
/* End PBXProject section */

/* Begin PBXReferenceProxy section */
		F7FDC2ED1BA0472A004ECCA0 /* xray.jit.blackhole.mxo */ = {
			isa = PBXReferenceProxy;
			fileType = wrapper.cfbundle;
			path = xray.jit.blackhole.mxo;
			remoteRef = F7FDC2EC1BA0472A004ECCA0 /* PBXContainerItemProxy */;
			sourceTree = BUILT_PRODUCTS_DIR;
		};
		F7FDC2FF1BA0473F004ECCA0 /* xray.jit.cellcoords.mxo */ = {
			isa = PBXReferenceProxy;
			fileType = wrapper.cfbundle;
			path = xray.jit.cellcoords.mxo;
			remoteRef = F7FDC2FE1BA0473F004ECCA0 /* PBXContainerItemProxy */;
			sourceTree = BUILT_PRODUCTS_DIR;
		};
		F7FDC3441BA047B7004ECCA0 /* xray.jit.cellminmax.mxo */ = {
			isa = PBXReferenceProxy;
			fileType = wrapper.cfbundle;
			path = xray.jit.cellminmax.mxo;
			remoteRef = F7FDC3431BA047B7004ECCA0 /* PBXContainerItemProxy */;
			sourceTree = BUILT_PRODUCTS_DIR;
		};
		F7FDC3471BA047B7004ECCA0 /* xray.jit.cellvalue.mxo */ = {
			isa = PBXReferenceProxy;
			fileType = wrapper.cfbundle;
			path = xray.jit.cellvalue.mxo;
			remoteRef = F7FDC3461BA047B7004ECCA0 /* PBXContainerItemProxy */;
			sourceTree = BUILT_PRODUCTS_DIR;
		};
		F7FDC34A1BA047B7004ECCA0 /* xray.jit.colormap.mxo */ = {
			isa = PBXReferenceProxy;
			fileType = wrapper.cfbundle;
			path = xray.jit.colormap.mxo;
			remoteRef = F7FDC3491BA047B7004ECCA0 /* PBXContainerItemProxy */;
			sourceTree = BUILT_PRODUCTS_DIR;
		};
		F7FDC34D1BA047B7004ECCA0 /* xray.jit.contourmap.mxo */ = {
			isa = PBXReferenceProxy;
			fileType = wrapper.cfbundle;
			path = xray.jit.contourmap.mxo;
			remoteRef = F7FDC34C1BA047B7004ECCA0 /* PBXContainerItemProxy */;
			sourceTree = BUILT_PRODUCTS_DIR;
		};
		F7FDC3501BA047B7004ECCA0 /* xray.jit.crossproduct.mxo */ = {
			isa = PBXReferenceProxy;
			fileType = wrapper.cfbundle;
			path = xray.jit.crossproduct.mxo;
			remoteRef = F7FDC34F1BA047B7004ECCA0 /* PBXContainerItemProxy */;
			sourceTree = BUILT_PRODUCTS_DIR;
		};
		F7FDC3531BA047B7004ECCA0 /* xray.jit.cumsum.mxo */ = {
			isa = PBXReferenceProxy;
			fileType = wrapper.cfbundle;
			path = xray.jit.cumsum.mxo;
			remoteRef = F7FDC3521BA047B7004ECCA0 /* PBXContainerItemProxy */;
			sourceTree = BUILT_PRODUCTS_DIR;
		};
		F7FDC3561BA047B7004ECCA0 /* xray.jit.distance.mxo */ = {
			isa = PBXReferenceProxy;
			fileType = wrapper.cfbundle;
			path = xray.jit.distance.mxo;
			remoteRef = F7FDC3551BA047B7004ECCA0 /* PBXContainerItemProxy */;
			sourceTree = BUILT_PRODUCTS_DIR;
		};
		F7FDC3591BA047B7004ECCA0 /* xray.jit.fdm.mxo */ = {
			isa = PBXReferenceProxy;
			fileType = wrapper.cfbundle;
			path = xray.jit.fdm.mxo;
			remoteRef = F7FDC3581BA047B7004ECCA0 /* PBXContainerItemProxy */;
			sourceTree = BUILT_PRODUCTS_DIR;
		};
		F7FDC35C1BA047B7004ECCA0 /* xray.jit.grid2tri.mxo */ = {
			isa = PBXReferenceProxy;
			fileType = wrapper.cfbundle;
			path = xray.jit.grid2tri.mxo;
			remoteRef = F7FDC35B1BA047B7004ECCA0 /* PBXContainerItemProxy */;
			sourceTree = BUILT_PRODUCTS_DIR;
		};
		F7FDC35F1BA047B7004ECCA0 /* xray.jit.invertrepos.mxo */ = {
			isa = PBXReferenceProxy;
			fileType = wrapper.cfbundle;
			path = xray.jit.invertrepos.mxo;
			remoteRef = F7FDC35E1BA047B7004ECCA0 /* PBXContainerItemProxy */;
			sourceTree = BUILT_PRODUCTS_DIR;
		};
		F7FDC3621BA047B7004ECCA0 /* xray.jit.keepcell.mxo */ = {
			isa = PBXReferenceProxy;
			fileType = wrapper.cfbundle;
			path = xray.jit.keepcell.mxo;
			remoteRef = F7FDC3611BA047B7004ECCA0 /* PBXContainerItemProxy */;
			sourceTree = BUILT_PRODUCTS_DIR;
		};
		F7FDC3651BA047B7004ECCA0 /* xray.jit.kmeans.mxo */ = {
			isa = PBXReferenceProxy;
			fileType = wrapper.cfbundle;
			path = xray.jit.kmeans.mxo;
			remoteRef = F7FDC3641BA047B7004ECCA0 /* PBXContainerItemProxy */;
			sourceTree = BUILT_PRODUCTS_DIR;
		};
		F7FDC3681BA047B7004ECCA0 /* xray.jit.levelsetseg.mxo */ = {
			isa = PBXReferenceProxy;
			fileType = wrapper.cfbundle;
			path = xray.jit.levelsetseg.mxo;
			remoteRef = F7FDC3671BA047B7004ECCA0 /* PBXContainerItemProxy */;
			sourceTree = BUILT_PRODUCTS_DIR;
		};
		F7FDC36B1BA047B7004ECCA0 /* xray.jit.line2quad.mxo */ = {
			isa = PBXReferenceProxy;
			fileType = wrapper.cfbundle;
			path = xray.jit.line2quad.mxo;
			remoteRef = F7FDC36A1BA047B7004ECCA0 /* PBXContainerItemProxy */;
			sourceTree = BUILT_PRODUCTS_DIR;
		};
		F7FDC36E1BA047B7004ECCA0 /* xray.jit.mean.mxo */ = {
			isa = PBXReferenceProxy;
			fileType = wrapper.cfbundle;
			path = xray.jit.mean.mxo;
			remoteRef = F7FDC36D1BA047B7004ECCA0 /* PBXContainerItemProxy */;
			sourceTree = BUILT_PRODUCTS_DIR;
		};
		F7FDC3711BA047B7004ECCA0 /* xray.jit.quicksort.mxo */ = {
			isa = PBXReferenceProxy;
			fileType = wrapper.cfbundle;
			path = xray.jit.quicksort.mxo;
			remoteRef = F7FDC3701BA047B7004ECCA0 /* PBXContainerItemProxy */;
			sourceTree = BUILT_PRODUCTS_DIR;
		};
		F7FDC3741BA047B7004ECCA0 /* xray.jit.sift.mxo */ = {
			isa = PBXReferenceProxy;
			fileType = wrapper.cfbundle;
			path = xray.jit.sift.mxo;
			remoteRef = F7FDC3731BA047B7004ECCA0 /* PBXContainerItemProxy */;
			sourceTree = BUILT_PRODUCTS_DIR;
		};
		F7FDC3771BA047B7004ECCA0 /* xray.jit.svd.mxo */ = {
			isa = PBXReferenceProxy;
			fileType = wrapper.cfbundle;
			path = xray.jit.svd.mxo;
			remoteRef = F7FDC3761BA047B7004ECCA0 /* PBXContainerItemProxy */;
			sourceTree = BUILT_PRODUCTS_DIR;
		};
		F7FDC37A1BA047B7004ECCA0 /* xray.jit.timecube.mxo */ = {
			isa = PBXReferenceProxy;
			fileType = wrapper.cfbundle;
			path = xray.jit.timecube.mxo;
			remoteRef = F7FDC3791BA047B7004ECCA0 /* PBXContainerItemProxy */;
			sourceTree = BUILT_PRODUCTS_DIR;
		};
		F7FDC37D1BA047B7004ECCA0 /* xray.jit.water.mxo */ = {
			isa = PBXReferenceProxy;
			fileType = wrapper.cfbundle;
			path = xray.jit.water.mxo;
			remoteRef = F7FDC37C1BA047B7004ECCA0 /* PBXContainerItemProxy */;
			sourceTree = BUILT_PRODUCTS_DIR;
		};
		F7FDC3831BA047D3004ECCA0 /* xray.jit.median.mxo */ = {
			isa = PBXReferenceProxy;
			fileType = wrapper.cfbundle;
			path = xray.jit.median.mxo;
			remoteRef = F7FDC3821BA047D3004ECCA0 /* PBXContainerItemProxy */;
			sourceTree = BUILT_PRODUCTS_DIR;
		};
/* End PBXReferenceProxy section */

/* Begin PBXTargetDependency section */
		F7FDC3891BA04818004ECCA0 /* PBXTargetDependency */ = {
			isa = PBXTargetDependency;
			name = "max-external";
			targetProxy = F7FDC3881BA04818004ECCA0 /* PBXContainerItemProxy */;
		};
		F7FDC38B1BA04818004ECCA0 /* PBXTargetDependency */ = {
			isa = PBXTargetDependency;
			name = "max-external";
			targetProxy = F7FDC38A1BA04818004ECCA0 /* PBXContainerItemProxy */;
		};
		F7FDC38D1BA04818004ECCA0 /* PBXTargetDependency */ = {
			isa = PBXTargetDependency;
			name = "max-external";
			targetProxy = F7FDC38C1BA04818004ECCA0 /* PBXContainerItemProxy */;
		};
		F7FDC38F1BA04818004ECCA0 /* PBXTargetDependency */ = {
			isa = PBXTargetDependency;
			name = "max-external";
			targetProxy = F7FDC38E1BA04818004ECCA0 /* PBXContainerItemProxy */;
		};
		F7FDC3911BA04818004ECCA0 /* PBXTargetDependency */ = {
			isa = PBXTargetDependency;
			name = "max-external";
			targetProxy = F7FDC3901BA04818004ECCA0 /* PBXContainerItemProxy */;
		};
		F7FDC3931BA04818004ECCA0 /* PBXTargetDependency */ = {
			isa = PBXTargetDependency;
			name = "max-external";
			targetProxy = F7FDC3921BA04818004ECCA0 /* PBXContainerItemProxy */;
		};
		F7FDC3951BA04818004ECCA0 /* PBXTargetDependency */ = {
			isa = PBXTargetDependency;
			name = "max-external";
			targetProxy = F7FDC3941BA04818004ECCA0 /* PBXContainerItemProxy */;
		};
		F7FDC3971BA04818004ECCA0 /* PBXTargetDependency */ = {
			isa = PBXTargetDependency;
			name = "max-external";
			targetProxy = F7FDC3961BA04818004ECCA0 /* PBXContainerItemProxy */;
		};
		F7FDC3991BA04818004ECCA0 /* PBXTargetDependency */ = {
			isa = PBXTargetDependency;
			name = "max-external";
			targetProxy = F7FDC3981BA04818004ECCA0 /* PBXContainerItemProxy */;
		};
		F7FDC39B1BA04818004ECCA0 /* PBXTargetDependency */ = {
			isa = PBXTargetDependency;
			name = "max-external";
			targetProxy = F7FDC39A1BA04818004ECCA0 /* PBXContainerItemProxy */;
		};
		F7FDC39D1BA04818004ECCA0 /* PBXTargetDependency */ = {
			isa = PBXTargetDependency;
			name = "max-external";
			targetProxy = F7FDC39C1BA04818004ECCA0 /* PBXContainerItemProxy */;
		};
		F7FDC39F1BA04818004ECCA0 /* PBXTargetDependency */ = {
			isa = PBXTargetDependency;
			name = "max-external";
			targetProxy = F7FDC39E1BA04818004ECCA0 /* PBXContainerItemProxy */;
		};
		F7FDC3A11BA04818004ECCA0 /* PBXTargetDependency */ = {
			isa = PBXTargetDependency;
			name = "max-external";
			targetProxy = F7FDC3A01BA04818004ECCA0 /* PBXContainerItemProxy */;
		};
		F7FDC3A31BA04818004ECCA0 /* PBXTargetDependency */ = {
			isa = PBXTargetDependency;
			name = "max-external";
			targetProxy = F7FDC3A21BA04818004ECCA0 /* PBXContainerItemProxy */;
		};
		F7FDC3A51BA04818004ECCA0 /* PBXTargetDependency */ = {
			isa = PBXTargetDependency;
			name = "max-external";
			targetProxy = F7FDC3A41BA04818004ECCA0 /* PBXContainerItemProxy */;
		};
		F7FDC3A71BA04818004ECCA0 /* PBXTargetDependency */ = {
			isa = PBXTargetDependency;
			name = "max-external";
			targetProxy = F7FDC3A61BA04818004ECCA0 /* PBXContainerItemProxy */;
		};
		F7FDC3A91BA04818004ECCA0 /* PBXTargetDependency */ = {
			isa = PBXTargetDependency;
			name = "max-external";
			targetProxy = F7FDC3A81BA04818004ECCA0 /* PBXContainerItemProxy */;
		};
		F7FDC3AB1BA04818004ECCA0 /* PBXTargetDependency */ = {
			isa = PBXTargetDependency;
			name = "max-external";
			targetProxy = F7FDC3AA1BA04818004ECCA0 /* PBXContainerItemProxy */;
		};
		F7FDC3AD1BA04818004ECCA0 /* PBXTargetDependency */ = {
			isa = PBXTargetDependency;
			name = "max-external";
			targetProxy = F7FDC3AC1BA04818004ECCA0 /* PBXContainerItemProxy */;
		};
		F7FDC3AF1BA04818004ECCA0 /* PBXTargetDependency */ = {
			isa = PBXTargetDependency;
			name = "max-external";
			targetProxy = F7FDC3AE1BA04818004ECCA0 /* PBXContainerItemProxy */;
		};
		F7FDC3B11BA04818004ECCA0 /* PBXTargetDependency */ = {
			isa = PBXTargetDependency;
			name = "max-external";
			targetProxy = F7FDC3B01BA04818004ECCA0 /* PBXContainerItemProxy */;
		};
		F7FDC3B31BA04818004ECCA0 /* PBXTargetDependency */ = {
			isa = PBXTargetDependency;
			name = "max-external";
			targetProxy = F7FDC3B21BA04818004ECCA0 /* PBXContainerItemProxy */;
		};
		F7FDC3B51BA04818004ECCA0 /* PBXTargetDependency */ = {
			isa = PBXTargetDependency;
			name = "max-external";
			targetProxy = F7FDC3B41BA04818004ECCA0 /* PBXContainerItemProxy */;
		};
/* End PBXTargetDependency section */

/* Begin XCBuildConfiguration section */
		F7FDC2CF1BA03E9F004ECCA0 /* Development */ = {
			isa = XCBuildConfiguration;
			buildSettings = {
			};
			name = Development;
		};
		F7FDC2D01BA03E9F004ECCA0 /* Deployment */ = {
			isa = XCBuildConfiguration;
			buildSettings = {
			};
			name = Deployment;
		};
		F7FDC3861BA047F2004ECCA0 /* Development */ = {
			isa = XCBuildConfiguration;
			buildSettings = {
				PRODUCT_NAME = "$(TARGET_NAME)";
			};
			name = Development;
		};
		F7FDC3871BA047F2004ECCA0 /* Deployment */ = {
			isa = XCBuildConfiguration;
			buildSettings = {
				PRODUCT_NAME = "$(TARGET_NAME)";
			};
			name = Deployment;
		};
/* End XCBuildConfiguration section */

/* Begin XCConfigurationList section */
		F7FDC2CE1BA03E9F004ECCA0 /* Build configuration list for PBXProject "xray.jit" */ = {
			isa = XCConfigurationList;
			buildConfigurations = (
				F7FDC2CF1BA03E9F004ECCA0 /* Development */,
				F7FDC2D01BA03E9F004ECCA0 /* Deployment */,
			);
			defaultConfigurationIsVisible = 0;
			defaultConfigurationName = Deployment;
		};
		F7FDC3851BA047F2004ECCA0 /* Build configuration list for PBXAggregateTarget "xray.jit" */ = {
			isa = XCConfigurationList;
			buildConfigurations = (
				F7FDC3861BA047F2004ECCA0 /* Development */,
				F7FDC3871BA047F2004ECCA0 /* Deployment */,
			);
			defaultConfigurationIsVisible = 0;
			defaultConfigurationName = Deployment;
		};
/* End XCConfigurationList section */
	};
	rootObject = F7FDC2CB1BA03E9F004ECCA0 /* Project object */;
}
