
Microsoft Visual Studio Solution File, Format Version 12.00
# Visual Studio 2013
VisualStudioVersion = 12.0.40629.0
MinimumVisualStudioVersion = 10.0.40219.1
Project("{8BC9CEB8-8B4A-11D0-8D11-00A0C91BC942}") = "xray.jit.blackhole", "xray.blackhole\xray.jit.blackhole.vcxproj", "{D7D2B050-0FAC-4326-89AD-C82254541416}"
EndProject
Project("{8BC9CEB8-8B4A-11D0-8D11-00A0C91BC942}") = "xray.jit.cellcoords", "xray.cellcoords\xray.jit.cellcoords.vcxproj", "{6F2E2B20-51F2-4E1B-9C62-C2275C0F5BF5}"
EndProject
Project("{8BC9CEB8-8B4A-11D0-8D11-00A0C91BC942}") = "xray.jit.cellminmax", "xray.cellminmax\xray.jit.cellminmax.vcxproj", "{C2F1D3BC-1DBC-44DF-8124-086252F0888E}"
EndProject
Project("{8BC9CEB8-8B4A-11D0-8D11-00A0C91BC942}") = "xray.jit.cellvalue", "xray.cellvalue\xray.jit.cellvalue.vcxproj", "{544157C1-13C4-4F64-B15C-6B5D9C90A6B1}"
EndProject
Project("{8BC9CEB8-8B4A-11D0-8D11-00A0C91BC942}") = "xray.jit.colormap", "xray.colormap\xray.jit.colormap.vcxproj", "{59D29144-2394-4703-81E1-71ADA57BBC92}"
EndProject
Project("{8BC9CEB8-8B4A-11D0-8D11-00A0C91BC942}") = "xray.jit.contourmap", "xray.contourmap\xray.jit.contourmap.vcxproj", "{729DEF41-A348-4B09-8491-3DC8E5913F78}"
EndProject
Project("{8BC9CEB8-8B4A-11D0-8D11-00A0C91BC942}") = "xray.jit.crossproduct", "xray.crossproduct\xray.jit.crossproduct.vcxproj", "{BF6781A5-75C7-462F-AD78-022E02CBAD25}"
EndProject
Project("{8BC9CEB8-8B4A-11D0-8D11-00A0C91BC942}") = "xray.jit.cumsum", "xray.cumsum\xray.jit.cumsum.vcxproj", "{7BD2132C-AEE1-4850-AFA7-96ABF6A790C2}"
EndProject
Project("{8BC9CEB8-8B4A-11D0-8D11-00A0C91BC942}") = "xray.jit.distance", "xray.distance\xray.jit.distance.vcxproj", "{4D6237A1-C555-4848-8488-4FB213B1B1DB}"
EndProject
Project("{8BC9CEB8-8B4A-11D0-8D11-00A0C91BC942}") = "xray.jit.fdm", "xray.fdm\xray.jit.fdm.vcxproj", "{73C0267D-5B6F-4678-8160-8808D77036BF}"
EndProject
Project("{8BC9CEB8-8B4A-11D0-8D11-00A0C91BC942}") = "xray.jit.grid2tri", "xray.grid2tri\xray.jit.grid2tri.vcxproj", "{1909A7A1-8DB7-4594-A4CC-4143DAA229AC}"
EndProject
Project("{8BC9CEB8-8B4A-11D0-8D11-00A0C91BC942}") = "xray.jit.invertrepos", "xray.invertrepos\xray.jit.invertrepos.vcxproj", "{BE7AE0A0-CB70-4061-9805-5E2546027623}"
EndProject
Project("{8BC9CEB8-8B4A-11D0-8D11-00A0C91BC942}") = "xray.jit.keepcell", "xray.keepcell\xray.jit.keepcell.vcxproj", "{E4B8C31B-9050-493B-AEC1-76F6B4706077}"
EndProject
Project("{8BC9CEB8-8B4A-11D0-8D11-00A0C91BC942}") = "xray.jit.kmeans", "xray.kmeans\xray.jit.kmeans.vcxproj", "{E7DD9A9C-E855-4F29-ABAF-353DAA3FC7B0}"
EndProject
Project("{8BC9CEB8-8B4A-11D0-8D11-00A0C91BC942}") = "xray.jit.levelsetseg", "xray.levelsetseg\xray.jit.levelsetseg.vcxproj", "{2BC42DC6-5227-4081-8C1D-548B5135EB1D}"
EndProject
Project("{8BC9CEB8-8B4A-11D0-8D11-00A0C91BC942}") = "xray.jit.line2quad", "xray.line2quad\xray.jit.line2quad.vcxproj", "{EE558609-73D6-475C-9943-320E3D5F385D}"
EndProject
Project("{8BC9CEB8-8B4A-11D0-8D11-00A0C91BC942}") = "xray.jit.mean", "xray.mean\xray.jit.mean.vcxproj", "{F6DE5D6D-D4E8-4B93-A983-9E8087421428}"
EndProject
Project("{8BC9CEB8-8B4A-11D0-8D11-00A0C91BC942}") = "xray.jit.median", "xray.median\xray.jit.median.vcxproj", "{FE834DCD-F7F3-4659-B4D5-6584082DE74E}"
EndProject
Project("{8BC9CEB8-8B4A-11D0-8D11-00A0C91BC942}") = "xray.jit.quicksort", "xray.quicksort\xray.jit.quicksort.vcxproj", "{4772554C-A82B-4C5C-BEC0-681CA0CA7A84}"
EndProject
Project("{8BC9CEB8-8B4A-11D0-8D11-00A0C91BC942}") = "xray.jit.sift", "xray.sift\xray.jit.sift.vcxproj", "{EDB9E590-E4DE-45FC-96F9-9F076AB4695E}"
EndProject
Project("{8BC9CEB8-8B4A-11D0-8D11-00A0C91BC942}") = "xray.jit.svd", "xray.svd\xray.jit.svd.vcxproj", "{8A6D4387-FCEE-4C4D-B68D-3A0C929C5205}"
EndProject
Project("{8BC9CEB8-8B4A-11D0-8D11-00A0C91BC942}") = "xray.jit.timecube", "xray.timecube\xray.jit.timecube.vcxproj", "{9DB594E9-F721-4288-96DE-DEB1EEA99F81}"
EndProject
Project("{8BC9CEB8-8B4A-11D0-8D11-00A0C91BC942}") = "xray.jit.water", "xray.water\xray.jit.water.vcxproj", "{918CC116-B173-486D-9F06-916DD6B9AE07}"
EndProject
Global
	GlobalSection(SolutionConfigurationPlatforms) = preSolution
		Debug|Win32 = Debug|Win32
		Debug|x64 = Debug|x64
		Release|Win32 = Release|Win32
		Release|x64 = Release|x64
	EndGlobalSection
	GlobalSection(ProjectConfigurationPlatforms) = postSolution
		{D7D2B050-0FAC-4326-89AD-C82254541416}.Debug|Win32.ActiveCfg = Debug|Win32
		{D7D2B050-0FAC-4326-89AD-C82254541416}.Debug|Win32.Build.0 = Debug|Win32
		{D7D2B050-0FAC-4326-89AD-C82254541416}.Debug|x64.ActiveCfg = Debug|x64
		{D7D2B050-0FAC-4326-89AD-C82254541416}.Debug|x64.Build.0 = Debug|x64
		{D7D2B050-0FAC-4326-89AD-C82254541416}.Release|Win32.ActiveCfg = Release|Win32
		{D7D2B050-0FAC-4326-89AD-C82254541416}.Release|Win32.Build.0 = Release|Win32
		{D7D2B050-0FAC-4326-89AD-C82254541416}.Release|x64.ActiveCfg = Release|x64
		{D7D2B050-0FAC-4326-89AD-C82254541416}.Release|x64.Build.0 = Release|x64
		{6F2E2B20-51F2-4E1B-9C62-C2275C0F5BF5}.Debug|Win32.ActiveCfg = Debug|Win32
		{6F2E2B20-51F2-4E1B-9C62-C2275C0F5BF5}.Debug|Win32.Build.0 = Debug|Win32
		{6F2E2B20-51F2-4E1B-9C62-C2275C0F5BF5}.Debug|x64.ActiveCfg = Debug|x64
		{6F2E2B20-51F2-4E1B-9C62-C2275C0F5BF5}.Debug|x64.Build.0 = Debug|x64
		{6F2E2B20-51F2-4E1B-9C62-C2275C0F5BF5}.Release|Win32.ActiveCfg = Release|Win32
		{6F2E2B20-51F2-4E1B-9C62-C2275C0F5BF5}.Release|Win32.Build.0 = Release|Win32
		{6F2E2B20-51F2-4E1B-9C62-C2275C0F5BF5}.Release|x64.ActiveCfg = Release|x64
		{6F2E2B20-51F2-4E1B-9C62-C2275C0F5BF5}.Release|x64.Build.0 = Release|x64
		{C2F1D3BC-1DBC-44DF-8124-086252F0888E}.Debug|Win32.ActiveCfg = Debug|Win32
		{C2F1D3BC-1DBC-44DF-8124-086252F0888E}.Debug|Win32.Build.0 = Debug|Win32
		{C2F1D3BC-1DBC-44DF-8124-086252F0888E}.Debug|x64.ActiveCfg = Debug|x64
		{C2F1D3BC-1DBC-44DF-8124-086252F0888E}.Debug|x64.Build.0 = Debug|x64
		{C2F1D3BC-1DBC-44DF-8124-086252F0888E}.Release|Win32.ActiveCfg = Release|Win32
		{C2F1D3BC-1DBC-44DF-8124-086252F0888E}.Release|Win32.Build.0 = Release|Win32
		{C2F1D3BC-1DBC-44DF-8124-086252F0888E}.Release|x64.ActiveCfg = Release|x64
		{C2F1D3BC-1DBC-44DF-8124-086252F0888E}.Release|x64.Build.0 = Release|x64
		{544157C1-13C4-4F64-B15C-6B5D9C90A6B1}.Debug|Win32.ActiveCfg = Debug|Win32
		{544157C1-13C4-4F64-B15C-6B5D9C90A6B1}.Debug|Win32.Build.0 = Debug|Win32
		{544157C1-13C4-4F64-B15C-6B5D9C90A6B1}.Debug|x64.ActiveCfg = Debug|x64
		{544157C1-13C4-4F64-B15C-6B5D9C90A6B1}.Debug|x64.Build.0 = Debug|x64
		{544157C1-13C4-4F64-B15C-6B5D9C90A6B1}.Release|Win32.ActiveCfg = Release|Win32
		{544157C1-13C4-4F64-B15C-6B5D9C90A6B1}.Release|Win32.Build.0 = Release|Win32
		{544157C1-13C4-4F64-B15C-6B5D9C90A6B1}.Release|x64.ActiveCfg = Release|x64
		{544157C1-13C4-4F64-B15C-6B5D9C90A6B1}.Release|x64.Build.0 = Release|x64
		{59D29144-2394-4703-81E1-71ADA57BBC92}.Debug|Win32.ActiveCfg = Debug|Win32
		{59D29144-2394-4703-81E1-71ADA57BBC92}.Debug|Win32.Build.0 = Debug|Win32
		{59D29144-2394-4703-81E1-71ADA57BBC92}.Debug|x64.ActiveCfg = Debug|x64
		{59D29144-2394-4703-81E1-71ADA57BBC92}.Debug|x64.Build.0 = Debug|x64
		{59D29144-2394-4703-81E1-71ADA57BBC92}.Release|Win32.ActiveCfg = Release|Win32
		{59D29144-2394-4703-81E1-71ADA57BBC92}.Release|Win32.Build.0 = Release|Win32
		{59D29144-2394-4703-81E1-71ADA57BBC92}.Release|x64.ActiveCfg = Release|x64
		{59D29144-2394-4703-81E1-71ADA57BBC92}.Release|x64.Build.0 = Release|x64
		{729DEF41-A348-4B09-8491-3DC8E5913F78}.Debug|Win32.ActiveCfg = Debug|Win32
		{729DEF41-A348-4B09-8491-3DC8E5913F78}.Debug|Win32.Build.0 = Debug|Win32
		{729DEF41-A348-4B09-8491-3DC8E5913F78}.Debug|x64.ActiveCfg = Debug|x64
		{729DEF41-A348-4B09-8491-3DC8E5913F78}.Debug|x64.Build.0 = Debug|x64
		{729DEF41-A348-4B09-8491-3DC8E5913F78}.Release|Win32.ActiveCfg = Release|Win32
		{729DEF41-A348-4B09-8491-3DC8E5913F78}.Release|Win32.Build.0 = Release|Win32
		{729DEF41-A348-4B09-8491-3DC8E5913F78}.Release|x64.ActiveCfg = Release|x64
		{729DEF41-A348-4B09-8491-3DC8E5913F78}.Release|x64.Build.0 = Release|x64
		{BF6781A5-75C7-462F-AD78-022E02CBAD25}.Debug|Win32.ActiveCfg = Debug|Win32
		{BF6781A5-75C7-462F-AD78-022E02CBAD25}.Debug|Win32.Build.0 = Debug|Win32
		{BF6781A5-75C7-462F-AD78-022E02CBAD25}.Debug|x64.ActiveCfg = Debug|x64
		{BF6781A5-75C7-462F-AD78-022E02CBAD25}.Debug|x64.Build.0 = Debug|x64
		{BF6781A5-75C7-462F-AD78-022E02CBAD25}.Release|Win32.ActiveCfg = Release|Win32
		{BF6781A5-75C7-462F-AD78-022E02CBAD25}.Release|Win32.Build.0 = Release|Win32
		{BF6781A5-75C7-462F-AD78-022E02CBAD25}.Release|x64.ActiveCfg = Release|x64
		{BF6781A5-75C7-462F-AD78-022E02CBAD25}.Release|x64.Build.0 = Release|x64
		{7BD2132C-AEE1-4850-AFA7-96ABF6A790C2}.Debug|Win32.ActiveCfg = Debug|Win32
		{7BD2132C-AEE1-4850-AFA7-96ABF6A790C2}.Debug|Win32.Build.0 = Debug|Win32
		{7BD2132C-AEE1-4850-AFA7-96ABF6A790C2}.Debug|x64.ActiveCfg = Debug|x64
		{7BD2132C-AEE1-4850-AFA7-96ABF6A790C2}.Debug|x64.Build.0 = Debug|x64
		{7BD2132C-AEE1-4850-AFA7-96ABF6A790C2}.Release|Win32.ActiveCfg = Release|Win32
		{7BD2132C-AEE1-4850-AFA7-96ABF6A790C2}.Release|Win32.Build.0 = Release|Win32
		{7BD2132C-AEE1-4850-AFA7-96ABF6A790C2}.Release|x64.ActiveCfg = Release|x64
		{7BD2132C-AEE1-4850-AFA7-96ABF6A790C2}.Release|x64.Build.0 = Release|x64
		{4D6237A1-C555-4848-8488-4FB213B1B1DB}.Debug|Win32.ActiveCfg = Debug|Win32
		{4D6237A1-C555-4848-8488-4FB213B1B1DB}.Debug|Win32.Build.0 = Debug|Win32
		{4D6237A1-C555-4848-8488-4FB213B1B1DB}.Debug|x64.ActiveCfg = Debug|x64
		{4D6237A1-C555-4848-8488-4FB213B1B1DB}.Debug|x64.Build.0 = Debug|x64
		{4D6237A1-C555-4848-8488-4FB213B1B1DB}.Release|Win32.ActiveCfg = Release|Win32
		{4D6237A1-C555-4848-8488-4FB213B1B1DB}.Release|Win32.Build.0 = Release|Win32
		{4D6237A1-C555-4848-8488-4FB213B1B1DB}.Release|x64.ActiveCfg = Release|x64
		{4D6237A1-C555-4848-8488-4FB213B1B1DB}.Release|x64.Build.0 = Release|x64
		{73C0267D-5B6F-4678-8160-8808D77036BF}.Debug|Win32.ActiveCfg = Debug|Win32
		{73C0267D-5B6F-4678-8160-8808D77036BF}.Debug|Win32.Build.0 = Debug|Win32
		{73C0267D-5B6F-4678-8160-8808D77036BF}.Debug|x64.ActiveCfg = Debug|x64
		{73C0267D-5B6F-4678-8160-8808D77036BF}.Debug|x64.Build.0 = Debug|x64
		{73C0267D-5B6F-4678-8160-8808D77036BF}.Release|Win32.ActiveCfg = Release|Win32
		{73C0267D-5B6F-4678-8160-8808D77036BF}.Release|Win32.Build.0 = Release|Win32
		{73C0267D-5B6F-4678-8160-8808D77036BF}.Release|x64.ActiveCfg = Release|x64
		{73C0267D-5B6F-4678-8160-8808D77036BF}.Release|x64.Build.0 = Release|x64
		{1909A7A1-8DB7-4594-A4CC-4143DAA229AC}.Debug|Win32.ActiveCfg = Debug|Win32
		{1909A7A1-8DB7-4594-A4CC-4143DAA229AC}.Debug|Win32.Build.0 = Debug|Win32
		{1909A7A1-8DB7-4594-A4CC-4143DAA229AC}.Debug|x64.ActiveCfg = Debug|x64
		{1909A7A1-8DB7-4594-A4CC-4143DAA229AC}.Debug|x64.Build.0 = Debug|x64
		{1909A7A1-8DB7-4594-A4CC-4143DAA229AC}.Release|Win32.ActiveCfg = Release|Win32
		{1909A7A1-8DB7-4594-A4CC-4143DAA229AC}.Release|Win32.Build.0 = Release|Win32
		{1909A7A1-8DB7-4594-A4CC-4143DAA229AC}.Release|x64.ActiveCfg = Release|x64
		{1909A7A1-8DB7-4594-A4CC-4143DAA229AC}.Release|x64.Build.0 = Release|x64
		{BE7AE0A0-CB70-4061-9805-5E2546027623}.Debug|Win32.ActiveCfg = Debug|Win32
		{BE7AE0A0-CB70-4061-9805-5E2546027623}.Debug|Win32.Build.0 = Debug|Win32
		{BE7AE0A0-CB70-4061-9805-5E2546027623}.Debug|x64.ActiveCfg = Debug|x64
		{BE7AE0A0-CB70-4061-9805-5E2546027623}.Debug|x64.Build.0 = Debug|x64
		{BE7AE0A0-CB70-4061-9805-5E2546027623}.Release|Win32.ActiveCfg = Release|Win32
		{BE7AE0A0-CB70-4061-9805-5E2546027623}.Release|Win32.Build.0 = Release|Win32
		{BE7AE0A0-CB70-4061-9805-5E2546027623}.Release|x64.ActiveCfg = Release|x64
		{BE7AE0A0-CB70-4061-9805-5E2546027623}.Release|x64.Build.0 = Release|x64
		{E4B8C31B-9050-493B-AEC1-76F6B4706077}.Debug|Win32.ActiveCfg = Debug|Win32
		{E4B8C31B-9050-493B-AEC1-76F6B4706077}.Debug|Win32.Build.0 = Debug|Win32
		{E4B8C31B-9050-493B-AEC1-76F6B4706077}.Debug|x64.ActiveCfg = Debug|x64
		{E4B8C31B-9050-493B-AEC1-76F6B4706077}.Debug|x64.Build.0 = Debug|x64
		{E4B8C31B-9050-493B-AEC1-76F6B4706077}.Release|Win32.ActiveCfg = Release|Win32
		{E4B8C31B-9050-493B-AEC1-76F6B4706077}.Release|Win32.Build.0 = Release|Win32
		{E4B8C31B-9050-493B-AEC1-76F6B4706077}.Release|x64.ActiveCfg = Release|x64
		{E4B8C31B-9050-493B-AEC1-76F6B4706077}.Release|x64.Build.0 = Release|x64
		{E7DD9A9C-E855-4F29-ABAF-353DAA3FC7B0}.Debug|Win32.ActiveCfg = Debug|Win32
		{E7DD9A9C-E855-4F29-ABAF-353DAA3FC7B0}.Debug|Win32.Build.0 = Debug|Win32
		{E7DD9A9C-E855-4F29-ABAF-353DAA3FC7B0}.Debug|x64.ActiveCfg = Debug|x64
		{E7DD9A9C-E855-4F29-ABAF-353DAA3FC7B0}.Debug|x64.Build.0 = Debug|x64
		{E7DD9A9C-E855-4F29-ABAF-353DAA3FC7B0}.Release|Win32.ActiveCfg = Release|Win32
		{E7DD9A9C-E855-4F29-ABAF-353DAA3FC7B0}.Release|Win32.Build.0 = Release|Win32
		{E7DD9A9C-E855-4F29-ABAF-353DAA3FC7B0}.Release|x64.ActiveCfg = Release|x64
		{E7DD9A9C-E855-4F29-ABAF-353DAA3FC7B0}.Release|x64.Build.0 = Release|x64
		{2BC42DC6-5227-4081-8C1D-548B5135EB1D}.Debug|Win32.ActiveCfg = Debug|Win32
		{2BC42DC6-5227-4081-8C1D-548B5135EB1D}.Debug|Win32.Build.0 = Debug|Win32
		{2BC42DC6-5227-4081-8C1D-548B5135EB1D}.Debug|x64.ActiveCfg = Debug|x64
		{2BC42DC6-5227-4081-8C1D-548B5135EB1D}.Debug|x64.Build.0 = Debug|x64
		{2BC42DC6-5227-4081-8C1D-548B5135EB1D}.Release|Win32.ActiveCfg = Release|Win32
		{2BC42DC6-5227-4081-8C1D-548B5135EB1D}.Release|Win32.Build.0 = Release|Win32
		{2BC42DC6-5227-4081-8C1D-548B5135EB1D}.Release|x64.ActiveCfg = Release|x64
		{2BC42DC6-5227-4081-8C1D-548B5135EB1D}.Release|x64.Build.0 = Release|x64
		{EE558609-73D6-475C-9943-320E3D5F385D}.Debug|Win32.ActiveCfg = Debug|Win32
		{EE558609-73D6-475C-9943-320E3D5F385D}.Debug|Win32.Build.0 = Debug|Win32
		{EE558609-73D6-475C-9943-320E3D5F385D}.Debug|x64.ActiveCfg = Debug|x64
		{EE558609-73D6-475C-9943-320E3D5F385D}.Debug|x64.Build.0 = Debug|x64
		{EE558609-73D6-475C-9943-320E3D5F385D}.Release|Win32.ActiveCfg = Release|Win32
		{EE558609-73D6-475C-9943-320E3D5F385D}.Release|Win32.Build.0 = Release|Win32
		{EE558609-73D6-475C-9943-320E3D5F385D}.Release|x64.ActiveCfg = Release|x64
		{EE558609-73D6-475C-9943-320E3D5F385D}.Release|x64.Build.0 = Release|x64
		{F6DE5D6D-D4E8-4B93-A983-9E8087421428}.Debug|Win32.ActiveCfg = Debug|Win32
		{F6DE5D6D-D4E8-4B93-A983-9E8087421428}.Debug|Win32.Build.0 = Debug|Win32
		{F6DE5D6D-D4E8-4B93-A983-9E8087421428}.Debug|x64.ActiveCfg = Debug|x64
		{F6DE5D6D-D4E8-4B93-A983-9E8087421428}.Debug|x64.Build.0 = Debug|x64
		{F6DE5D6D-D4E8-4B93-A983-9E8087421428}.Release|Win32.ActiveCfg = Release|Win32
		{F6DE5D6D-D4E8-4B93-A983-9E8087421428}.Release|Win32.Build.0 = Release|Win32
		{F6DE5D6D-D4E8-4B93-A983-9E8087421428}.Release|x64.ActiveCfg = Release|x64
		{F6DE5D6D-D4E8-4B93-A983-9E8087421428}.Release|x64.Build.0 = Release|x64
		{FE834DCD-F7F3-4659-B4D5-6584082DE74E}.Debug|Win32.ActiveCfg = Debug|Win32
		{FE834DCD-F7F3-4659-B4D5-6584082DE74E}.Debug|Win32.Build.0 = Debug|Win32
		{FE834DCD-F7F3-4659-B4D5-6584082DE74E}.Debug|x64.ActiveCfg = Debug|x64
		{FE834DCD-F7F3-4659-B4D5-6584082DE74E}.Debug|x64.Build.0 = Debug|x64
		{FE834DCD-F7F3-4659-B4D5-6584082DE74E}.Release|Win32.ActiveCfg = Release|Win32
		{FE834DCD-F7F3-4659-B4D5-6584082DE74E}.Release|Win32.Build.0 = Release|Win32
		{FE834DCD-F7F3-4659-B4D5-6584082DE74E}.Release|x64.ActiveCfg = Release|x64
		{FE834DCD-F7F3-4659-B4D5-6584082DE74E}.Release|x64.Build.0 = Release|x64
		{4772554C-A82B-4C5C-BEC0-681CA0CA7A84}.Debug|Win32.ActiveCfg = Debug|Win32
		{4772554C-A82B-4C5C-BEC0-681CA0CA7A84}.Debug|Win32.Build.0 = Debug|Win32
		{4772554C-A82B-4C5C-BEC0-681CA0CA7A84}.Debug|x64.ActiveCfg = Debug|x64
		{4772554C-A82B-4C5C-BEC0-681CA0CA7A84}.Debug|x64.Build.0 = Debug|x64
		{4772554C-A82B-4C5C-BEC0-681CA0CA7A84}.Release|Win32.ActiveCfg = Release|Win32
		{4772554C-A82B-4C5C-BEC0-681CA0CA7A84}.Release|Win32.Build.0 = Release|Win32
		{4772554C-A82B-4C5C-BEC0-681CA0CA7A84}.Release|x64.ActiveCfg = Release|x64
		{4772554C-A82B-4C5C-BEC0-681CA0CA7A84}.Release|x64.Build.0 = Release|x64
		{EDB9E590-E4DE-45FC-96F9-9F076AB4695E}.Debug|Win32.ActiveCfg = Debug|Win32
		{EDB9E590-E4DE-45FC-96F9-9F076AB4695E}.Debug|Win32.Build.0 = Debug|Win32
		{EDB9E590-E4DE-45FC-96F9-9F076AB4695E}.Debug|x64.ActiveCfg = Debug|x64
		{EDB9E590-E4DE-45FC-96F9-9F076AB4695E}.Debug|x64.Build.0 = Debug|x64
		{EDB9E590-E4DE-45FC-96F9-9F076AB4695E}.Release|Win32.ActiveCfg = Release|Win32
		{EDB9E590-E4DE-45FC-96F9-9F076AB4695E}.Release|Win32.Build.0 = Release|Win32
		{EDB9E590-E4DE-45FC-96F9-9F076AB4695E}.Release|x64.ActiveCfg = Release|x64
		{EDB9E590-E4DE-45FC-96F9-9F076AB4695E}.Release|x64.Build.0 = Release|x64
		{8A6D4387-FCEE-4C4D-B68D-3A0C929C5205}.Debug|Win32.ActiveCfg = Debug|Win32
		{8A6D4387-FCEE-4C4D-B68D-3A0C929C5205}.Debug|Win32.Build.0 = Debug|Win32
		{8A6D4387-FCEE-4C4D-B68D-3A0C929C5205}.Debug|x64.ActiveCfg = Debug|x64
		{8A6D4387-FCEE-4C4D-B68D-3A0C929C5205}.Debug|x64.Build.0 = Debug|x64
		{8A6D4387-FCEE-4C4D-B68D-3A0C929C5205}.Release|Win32.ActiveCfg = Release|Win32
		{8A6D4387-FCEE-4C4D-B68D-3A0C929C5205}.Release|Win32.Build.0 = Release|Win32
		{8A6D4387-FCEE-4C4D-B68D-3A0C929C5205}.Release|x64.ActiveCfg = Release|x64
		{8A6D4387-FCEE-4C4D-B68D-3A0C929C5205}.Release|x64.Build.0 = Release|x64
		{9DB594E9-F721-4288-96DE-DEB1EEA99F81}.Debug|Win32.ActiveCfg = Debug|Win32
		{9DB594E9-F721-4288-96DE-DEB1EEA99F81}.Debug|Win32.Build.0 = Debug|Win32
		{9DB594E9-F721-4288-96DE-DEB1EEA99F81}.Debug|x64.ActiveCfg = Debug|x64
		{9DB594E9-F721-4288-96DE-DEB1EEA99F81}.Debug|x64.Build.0 = Debug|x64
		{9DB594E9-F721-4288-96DE-DEB1EEA99F81}.Release|Win32.ActiveCfg = Release|Win32
		{9DB594E9-F721-4288-96DE-DEB1EEA99F81}.Release|Win32.Build.0 = Release|Win32
		{9DB594E9-F721-4288-96DE-DEB1EEA99F81}.Release|x64.ActiveCfg = Release|x64
		{9DB594E9-F721-4288-96DE-DEB1EEA99F81}.Release|x64.Build.0 = Release|x64
		{918CC116-B173-486D-9F06-916DD6B9AE07}.Debug|Win32.ActiveCfg = Debug|Win32
		{918CC116-B173-486D-9F06-916DD6B9AE07}.Debug|Win32.Build.0 = Debug|Win32
		{918CC116-B173-486D-9F06-916DD6B9AE07}.Debug|x64.ActiveCfg = Debug|x64
		{918CC116-B173-486D-9F06-916DD6B9AE07}.Debug|x64.Build.0 = Debug|x64
		{918CC116-B173-486D-9F06-916DD6B9AE07}.Release|Win32.ActiveCfg = Release|Win32
		{918CC116-B173-486D-9F06-916DD6B9AE07}.Release|Win32.Build.0 = Release|Win32
		{918CC116-B173-486D-9F06-916DD6B9AE07}.Release|x64.ActiveCfg = Release|x64
		{918CC116-B173-486D-9F06-916DD6B9AE07}.Release|x64.Build.0 = Release|x64
	EndGlobalSection
	GlobalSection(SolutionProperties) = preSolution
		HideSolutionNode = FALSE
	EndGlobalSection
EndGlobal
